// !$*UTF8*$!
{
	archiveVersion = 1;
	classes = {
	};
	objectVersion = 51;
	objects = {

/* Begin PBXBuildFile section */
		121C214D25EB7400009BF600 /* LoginViewController.swift in Sources */ = {isa = PBXBuildFile; fileRef = 121C214C25EB7400009BF600 /* LoginViewController.swift */; };
		121C215225EB7406009BF600 /* FeedViewController.swift in Sources */ = {isa = PBXBuildFile; fileRef = 121C215125EB7406009BF600 /* FeedViewController.swift */; };
		121C216225EB809B009BF600 /* CameraViewController.swift in Sources */ = {isa = PBXBuildFile; fileRef = 121C216125EB809B009BF600 /* CameraViewController.swift */; };
		121C216725EB8D4B009BF600 /* PostCell.swift in Sources */ = {isa = PBXBuildFile; fileRef = 121C216625EB8D4B009BF600 /* PostCell.swift */; };
		124DAB1B25EB69470067AD91 /* AppDelegate.swift in Sources */ = {isa = PBXBuildFile; fileRef = 124DAB1A25EB69470067AD91 /* AppDelegate.swift */; };
		124DAB1D25EB69470067AD91 /* SceneDelegate.swift in Sources */ = {isa = PBXBuildFile; fileRef = 124DAB1C25EB69470067AD91 /* SceneDelegate.swift */; };
		124DAB2225EB69470067AD91 /* Main.storyboard in Resources */ = {isa = PBXBuildFile; fileRef = 124DAB2025EB69470067AD91 /* Main.storyboard */; };
		124DAB2425EB69490067AD91 /* Assets.xcassets in Resources */ = {isa = PBXBuildFile; fileRef = 124DAB2325EB69490067AD91 /* Assets.xcassets */; };
		124DAB2725EB69490067AD91 /* LaunchScreen.storyboard in Resources */ = {isa = PBXBuildFile; fileRef = 124DAB2525EB69490067AD91 /* LaunchScreen.storyboard */; };
		124DAB3225EB69490067AD91 /* ParstagramTests.swift in Sources */ = {isa = PBXBuildFile; fileRef = 124DAB3125EB69490067AD91 /* ParstagramTests.swift */; };
		124DAB3D25EB69490067AD91 /* ParstagramUITests.swift in Sources */ = {isa = PBXBuildFile; fileRef = 124DAB3C25EB69490067AD91 /* ParstagramUITests.swift */; };
		37134D3318D323F7B628885A /* Pods_ParstagramTests.framework in Frameworks */ = {isa = PBXBuildFile; fileRef = B6A430A2032672AC1FA1F0AB /* Pods_ParstagramTests.framework */; };
		9F004E4BDF4BDE00D83B633D /* Pods_Parstagram_ParstagramUITests.framework in Frameworks */ = {isa = PBXBuildFile; fileRef = 393E6460242710381A451B23 /* Pods_Parstagram_ParstagramUITests.framework */; };
		F00D2E39FA751641BF6A253E /* Pods_Parstagram.framework in Frameworks */ = {isa = PBXBuildFile; fileRef = 249BE48D33BB9EF0CC13B932 /* Pods_Parstagram.framework */; };
/* End PBXBuildFile section */

/* Begin PBXContainerItemProxy section */
		124DAB2E25EB69490067AD91 /* PBXContainerItemProxy */ = {
			isa = PBXContainerItemProxy;
			containerPortal = 124DAB0F25EB69470067AD91 /* Project object */;
			proxyType = 1;
			remoteGlobalIDString = 124DAB1625EB69470067AD91;
			remoteInfo = Parstagram;
		};
		124DAB3925EB69490067AD91 /* PBXContainerItemProxy */ = {
			isa = PBXContainerItemProxy;
			containerPortal = 124DAB0F25EB69470067AD91 /* Project object */;
			proxyType = 1;
			remoteGlobalIDString = 124DAB1625EB69470067AD91;
			remoteInfo = Parstagram;
		};
/* End PBXContainerItemProxy section */

/* Begin PBXFileReference section */
		121C214C25EB7400009BF600 /* LoginViewController.swift */ = {isa = PBXFileReference; lastKnownFileType = sourcecode.swift; path = LoginViewController.swift; sourceTree = "<group>"; };
		121C215125EB7406009BF600 /* FeedViewController.swift */ = {isa = PBXFileReference; lastKnownFileType = sourcecode.swift; path = FeedViewController.swift; sourceTree = "<group>"; };
		121C216125EB809B009BF600 /* CameraViewController.swift */ = {isa = PBXFileReference; lastKnownFileType = sourcecode.swift; path = CameraViewController.swift; sourceTree = "<group>"; };
		121C216625EB8D4B009BF600 /* PostCell.swift */ = {isa = PBXFileReference; lastKnownFileType = sourcecode.swift; path = PostCell.swift; sourceTree = "<group>"; };
		124DAB1725EB69470067AD91 /* Parstagram.app */ = {isa = PBXFileReference; explicitFileType = wrapper.application; includeInIndex = 0; path = Parstagram.app; sourceTree = BUILT_PRODUCTS_DIR; };
		124DAB1A25EB69470067AD91 /* AppDelegate.swift */ = {isa = PBXFileReference; lastKnownFileType = sourcecode.swift; path = AppDelegate.swift; sourceTree = "<group>"; };
		124DAB1C25EB69470067AD91 /* SceneDelegate.swift */ = {isa = PBXFileReference; lastKnownFileType = sourcecode.swift; path = SceneDelegate.swift; sourceTree = "<group>"; };
		124DAB2125EB69470067AD91 /* Base */ = {isa = PBXFileReference; lastKnownFileType = file.storyboard; name = Base; path = Base.lproj/Main.storyboard; sourceTree = "<group>"; };
		124DAB2325EB69490067AD91 /* Assets.xcassets */ = {isa = PBXFileReference; lastKnownFileType = folder.assetcatalog; path = Assets.xcassets; sourceTree = "<group>"; };
		124DAB2625EB69490067AD91 /* Base */ = {isa = PBXFileReference; lastKnownFileType = file.storyboard; name = Base; path = Base.lproj/LaunchScreen.storyboard; sourceTree = "<group>"; };
		124DAB2825EB69490067AD91 /* Info.plist */ = {isa = PBXFileReference; lastKnownFileType = text.plist.xml; path = Info.plist; sourceTree = "<group>"; };
		124DAB2D25EB69490067AD91 /* ParstagramTests.xctest */ = {isa = PBXFileReference; explicitFileType = wrapper.cfbundle; includeInIndex = 0; path = ParstagramTests.xctest; sourceTree = BUILT_PRODUCTS_DIR; };
		124DAB3125EB69490067AD91 /* ParstagramTests.swift */ = {isa = PBXFileReference; lastKnownFileType = sourcecode.swift; path = ParstagramTests.swift; sourceTree = "<group>"; };
		124DAB3325EB69490067AD91 /* Info.plist */ = {isa = PBXFileReference; lastKnownFileType = text.plist.xml; path = Info.plist; sourceTree = "<group>"; };
		124DAB3825EB69490067AD91 /* ParstagramUITests.xctest */ = {isa = PBXFileReference; explicitFileType = wrapper.cfbundle; includeInIndex = 0; path = ParstagramUITests.xctest; sourceTree = BUILT_PRODUCTS_DIR; };
		124DAB3C25EB69490067AD91 /* ParstagramUITests.swift */ = {isa = PBXFileReference; lastKnownFileType = sourcecode.swift; path = ParstagramUITests.swift; sourceTree = "<group>"; };
		124DAB3E25EB69490067AD91 /* Info.plist */ = {isa = PBXFileReference; lastKnownFileType = text.plist.xml; path = Info.plist; sourceTree = "<group>"; };
		249BE48D33BB9EF0CC13B932 /* Pods_Parstagram.framework */ = {isa = PBXFileReference; explicitFileType = wrapper.framework; includeInIndex = 0; path = Pods_Parstagram.framework; sourceTree = BUILT_PRODUCTS_DIR; };
		373B525207F310E4221E442E /* Pods-ParstagramTests.debug.xcconfig */ = {isa = PBXFileReference; includeInIndex = 1; lastKnownFileType = text.xcconfig; name = "Pods-ParstagramTests.debug.xcconfig"; path = "Target Support Files/Pods-ParstagramTests/Pods-ParstagramTests.debug.xcconfig"; sourceTree = "<group>"; };
		393E6460242710381A451B23 /* Pods_Parstagram_ParstagramUITests.framework */ = {isa = PBXFileReference; explicitFileType = wrapper.framework; includeInIndex = 0; path = Pods_Parstagram_ParstagramUITests.framework; sourceTree = BUILT_PRODUCTS_DIR; };
		46CF2B01115547E2E95AE92E /* Pods-Parstagram-ParstagramUITests.debug.xcconfig */ = {isa = PBXFileReference; includeInIndex = 1; lastKnownFileType = text.xcconfig; name = "Pods-Parstagram-ParstagramUITests.debug.xcconfig"; path = "Target Support Files/Pods-Parstagram-ParstagramUITests/Pods-Parstagram-ParstagramUITests.debug.xcconfig"; sourceTree = "<group>"; };
		7777DEA395BEF7D5E8C6EF41 /* Pods-ParstagramTests.release.xcconfig */ = {isa = PBXFileReference; includeInIndex = 1; lastKnownFileType = text.xcconfig; name = "Pods-ParstagramTests.release.xcconfig"; path = "Target Support Files/Pods-ParstagramTests/Pods-ParstagramTests.release.xcconfig"; sourceTree = "<group>"; };
		78E8A82F89596535D0640A3E /* Pods-Parstagram.release.xcconfig */ = {isa = PBXFileReference; includeInIndex = 1; lastKnownFileType = text.xcconfig; name = "Pods-Parstagram.release.xcconfig"; path = "Target Support Files/Pods-Parstagram/Pods-Parstagram.release.xcconfig"; sourceTree = "<group>"; };
		B6A430A2032672AC1FA1F0AB /* Pods_ParstagramTests.framework */ = {isa = PBXFileReference; explicitFileType = wrapper.framework; includeInIndex = 0; path = Pods_ParstagramTests.framework; sourceTree = BUILT_PRODUCTS_DIR; };
		CC50771D4E49AAC5773E1588 /* Pods-Parstagram-ParstagramUITests.release.xcconfig */ = {isa = PBXFileReference; includeInIndex = 1; lastKnownFileType = text.xcconfig; name = "Pods-Parstagram-ParstagramUITests.release.xcconfig"; path = "Target Support Files/Pods-Parstagram-ParstagramUITests/Pods-Parstagram-ParstagramUITests.release.xcconfig"; sourceTree = "<group>"; };
		DD6FA51AEFB819EB902D05BF /* Pods-Parstagram.debug.xcconfig */ = {isa = PBXFileReference; includeInIndex = 1; lastKnownFileType = text.xcconfig; name = "Pods-Parstagram.debug.xcconfig"; path = "Target Support Files/Pods-Parstagram/Pods-Parstagram.debug.xcconfig"; sourceTree = "<group>"; };
/* End PBXFileReference section */

/* Begin PBXFrameworksBuildPhase section */
		124DAB1425EB69470067AD91 /* Frameworks */ = {
			isa = PBXFrameworksBuildPhase;
			buildActionMask = 2147483647;
			files = (
				F00D2E39FA751641BF6A253E /* Pods_Parstagram.framework in Frameworks */,
			);
			runOnlyForDeploymentPostprocessing = 0;
		};
		124DAB2A25EB69490067AD91 /* Frameworks */ = {
			isa = PBXFrameworksBuildPhase;
			buildActionMask = 2147483647;
			files = (
				37134D3318D323F7B628885A /* Pods_ParstagramTests.framework in Frameworks */,
			);
			runOnlyForDeploymentPostprocessing = 0;
		};
		124DAB3525EB69490067AD91 /* Frameworks */ = {
			isa = PBXFrameworksBuildPhase;
			buildActionMask = 2147483647;
			files = (
				9F004E4BDF4BDE00D83B633D /* Pods_Parstagram_ParstagramUITests.framework in Frameworks */,
			);
			runOnlyForDeploymentPostprocessing = 0;
		};
/* End PBXFrameworksBuildPhase section */

/* Begin PBXGroup section */
		124DAB0E25EB69470067AD91 = {
			isa = PBXGroup;
			children = (
				124DAB1925EB69470067AD91 /* Parstagram */,
				124DAB3025EB69490067AD91 /* ParstagramTests */,
				124DAB3B25EB69490067AD91 /* ParstagramUITests */,
				124DAB1825EB69470067AD91 /* Products */,
				19EE97DB5EE428B9A9001482 /* Pods */,
				6A2EFC2B04518C658847DD2C /* Frameworks */,
			);
			sourceTree = "<group>";
		};
		124DAB1825EB69470067AD91 /* Products */ = {
			isa = PBXGroup;
			children = (
				124DAB1725EB69470067AD91 /* Parstagram.app */,
				124DAB2D25EB69490067AD91 /* ParstagramTests.xctest */,
				124DAB3825EB69490067AD91 /* ParstagramUITests.xctest */,
			);
			name = Products;
			sourceTree = "<group>";
		};
		124DAB1925EB69470067AD91 /* Parstagram */ = {
			isa = PBXGroup;
			children = (
				124DAB1A25EB69470067AD91 /* AppDelegate.swift */,
				124DAB1C25EB69470067AD91 /* SceneDelegate.swift */,
				124DAB2025EB69470067AD91 /* Main.storyboard */,
				121C216625EB8D4B009BF600 /* PostCell.swift */,
				121C216125EB809B009BF600 /* CameraViewController.swift */,
				121C214C25EB7400009BF600 /* LoginViewController.swift */,
				121C215125EB7406009BF600 /* FeedViewController.swift */,
				124DAB2325EB69490067AD91 /* Assets.xcassets */,
				124DAB2525EB69490067AD91 /* LaunchScreen.storyboard */,
				124DAB2825EB69490067AD91 /* Info.plist */,
			);
			path = Parstagram;
			sourceTree = "<group>";
		};
		124DAB3025EB69490067AD91 /* ParstagramTests */ = {
			isa = PBXGroup;
			children = (
				124DAB3125EB69490067AD91 /* ParstagramTests.swift */,
				124DAB3325EB69490067AD91 /* Info.plist */,
			);
			path = ParstagramTests;
			sourceTree = "<group>";
		};
		124DAB3B25EB69490067AD91 /* ParstagramUITests */ = {
			isa = PBXGroup;
			children = (
				124DAB3C25EB69490067AD91 /* ParstagramUITests.swift */,
				124DAB3E25EB69490067AD91 /* Info.plist */,
			);
			path = ParstagramUITests;
			sourceTree = "<group>";
		};
		19EE97DB5EE428B9A9001482 /* Pods */ = {
			isa = PBXGroup;
			children = (
				DD6FA51AEFB819EB902D05BF /* Pods-Parstagram.debug.xcconfig */,
				78E8A82F89596535D0640A3E /* Pods-Parstagram.release.xcconfig */,
				46CF2B01115547E2E95AE92E /* Pods-Parstagram-ParstagramUITests.debug.xcconfig */,
				CC50771D4E49AAC5773E1588 /* Pods-Parstagram-ParstagramUITests.release.xcconfig */,
				373B525207F310E4221E442E /* Pods-ParstagramTests.debug.xcconfig */,
				7777DEA395BEF7D5E8C6EF41 /* Pods-ParstagramTests.release.xcconfig */,
			);
			path = Pods;
			sourceTree = "<group>";
		};
		6A2EFC2B04518C658847DD2C /* Frameworks */ = {
			isa = PBXGroup;
			children = (
				249BE48D33BB9EF0CC13B932 /* Pods_Parstagram.framework */,
				393E6460242710381A451B23 /* Pods_Parstagram_ParstagramUITests.framework */,
				B6A430A2032672AC1FA1F0AB /* Pods_ParstagramTests.framework */,
			);
			name = Frameworks;
			sourceTree = "<group>";
		};
/* End PBXGroup section */

/* Begin PBXNativeTarget section */
		124DAB1625EB69470067AD91 /* Parstagram */ = {
			isa = PBXNativeTarget;
			buildConfigurationList = 124DAB4125EB69490067AD91 /* Build configuration list for PBXNativeTarget "Parstagram" */;
			buildPhases = (
				8BE114CECF56F05A04DF50E9 /* [CP] Check Pods Manifest.lock */,
				124DAB1325EB69470067AD91 /* Sources */,
				124DAB1425EB69470067AD91 /* Frameworks */,
				124DAB1525EB69470067AD91 /* Resources */,
				CE7F8F99A4D9CA390641C39D /* [CP] Embed Pods Frameworks */,
			);
			buildRules = (
			);
			dependencies = (
			);
			name = Parstagram;
			productName = Parstagram;
			productReference = 124DAB1725EB69470067AD91 /* Parstagram.app */;
			productType = "com.apple.product-type.application";
		};
		124DAB2C25EB69490067AD91 /* ParstagramTests */ = {
			isa = PBXNativeTarget;
			buildConfigurationList = 124DAB4425EB69490067AD91 /* Build configuration list for PBXNativeTarget "ParstagramTests" */;
			buildPhases = (
				FF9257B82298F493846FF831 /* [CP] Check Pods Manifest.lock */,
				124DAB2925EB69490067AD91 /* Sources */,
				124DAB2A25EB69490067AD91 /* Frameworks */,
				124DAB2B25EB69490067AD91 /* Resources */,
			);
			buildRules = (
			);
			dependencies = (
				124DAB2F25EB69490067AD91 /* PBXTargetDependency */,
			);
			name = ParstagramTests;
			productName = ParstagramTests;
			productReference = 124DAB2D25EB69490067AD91 /* ParstagramTests.xctest */;
			productType = "com.apple.product-type.bundle.unit-test";
		};
		124DAB3725EB69490067AD91 /* ParstagramUITests */ = {
			isa = PBXNativeTarget;
			buildConfigurationList = 124DAB4725EB69490067AD91 /* Build configuration list for PBXNativeTarget "ParstagramUITests" */;
			buildPhases = (
				4F8E7E3B407435709BDD6E5A /* [CP] Check Pods Manifest.lock */,
				124DAB3425EB69490067AD91 /* Sources */,
				124DAB3525EB69490067AD91 /* Frameworks */,
				124DAB3625EB69490067AD91 /* Resources */,
				61FCD6C7E37043444DD93B9C /* [CP] Embed Pods Frameworks */,
			);
			buildRules = (
			);
			dependencies = (
				124DAB3A25EB69490067AD91 /* PBXTargetDependency */,
			);
			name = ParstagramUITests;
			productName = ParstagramUITests;
			productReference = 124DAB3825EB69490067AD91 /* ParstagramUITests.xctest */;
			productType = "com.apple.product-type.bundle.ui-testing";
		};
/* End PBXNativeTarget section */

/* Begin PBXProject section */
		124DAB0F25EB69470067AD91 /* Project object */ = {
			isa = PBXProject;
			attributes = {
				LastSwiftUpdateCheck = 1240;
				LastUpgradeCheck = 1240;
				TargetAttributes = {
					124DAB1625EB69470067AD91 = {
						CreatedOnToolsVersion = 12.4;
					};
					124DAB2C25EB69490067AD91 = {
						CreatedOnToolsVersion = 12.4;
						TestTargetID = 124DAB1625EB69470067AD91;
					};
					124DAB3725EB69490067AD91 = {
						CreatedOnToolsVersion = 12.4;
						TestTargetID = 124DAB1625EB69470067AD91;
					};
				};
			};
			buildConfigurationList = 124DAB1225EB69470067AD91 /* Build configuration list for PBXProject "Parstagram" */;
			compatibilityVersion = "Xcode 9.3";
			developmentRegion = en;
			hasScannedForEncodings = 0;
			knownRegions = (
				en,
				Base,
			);
			mainGroup = 124DAB0E25EB69470067AD91;
			productRefGroup = 124DAB1825EB69470067AD91 /* Products */;
			projectDirPath = "";
			projectRoot = "";
			targets = (
				124DAB1625EB69470067AD91 /* Parstagram */,
				124DAB2C25EB69490067AD91 /* ParstagramTests */,
				124DAB3725EB69490067AD91 /* ParstagramUITests */,
			);
		};
/* End PBXProject section */

/* Begin PBXResourcesBuildPhase section */
		124DAB1525EB69470067AD91 /* Resources */ = {
			isa = PBXResourcesBuildPhase;
			buildActionMask = 2147483647;
			files = (
				124DAB2725EB69490067AD91 /* LaunchScreen.storyboard in Resources */,
				124DAB2425EB69490067AD91 /* Assets.xcassets in Resources */,
				124DAB2225EB69470067AD91 /* Main.storyboard in Resources */,
			);
			runOnlyForDeploymentPostprocessing = 0;
		};
		124DAB2B25EB69490067AD91 /* Resources */ = {
			isa = PBXResourcesBuildPhase;
			buildActionMask = 2147483647;
			files = (
			);
			runOnlyForDeploymentPostprocessing = 0;
		};
		124DAB3625EB69490067AD91 /* Resources */ = {
			isa = PBXResourcesBuildPhase;
			buildActionMask = 2147483647;
			files = (
			);
			runOnlyForDeploymentPostprocessing = 0;
		};
/* End PBXResourcesBuildPhase section */

/* Begin PBXShellScriptBuildPhase section */
		4F8E7E3B407435709BDD6E5A /* [CP] Check Pods Manifest.lock */ = {
			isa = PBXShellScriptBuildPhase;
			buildActionMask = 2147483647;
			files = (
			);
			inputFileListPaths = (
			);
			inputPaths = (
				"${PODS_PODFILE_DIR_PATH}/Podfile.lock",
				"${PODS_ROOT}/Manifest.lock",
			);
			name = "[CP] Check Pods Manifest.lock";
			outputFileListPaths = (
			);
			outputPaths = (
				"$(DERIVED_FILE_DIR)/Pods-Parstagram-ParstagramUITests-checkManifestLockResult.txt",
			);
			runOnlyForDeploymentPostprocessing = 0;
			shellPath = /bin/sh;
			shellScript = "diff \"${PODS_PODFILE_DIR_PATH}/Podfile.lock\" \"${PODS_ROOT}/Manifest.lock\" > /dev/null\nif [ $? != 0 ] ; then\n    # print error to STDERR\n    echo \"error: The sandbox is not in sync with the Podfile.lock. Run 'pod install' or update your CocoaPods installation.\" >&2\n    exit 1\nfi\n# This output is used by Xcode 'outputs' to avoid re-running this script phase.\necho \"SUCCESS\" > \"${SCRIPT_OUTPUT_FILE_0}\"\n";
			showEnvVarsInLog = 0;
		};
		61FCD6C7E37043444DD93B9C /* [CP] Embed Pods Frameworks */ = {
			isa = PBXShellScriptBuildPhase;
			buildActionMask = 2147483647;
			files = (
			);
			inputFileListPaths = (
				"${PODS_ROOT}/Target Support Files/Pods-Parstagram-ParstagramUITests/Pods-Parstagram-ParstagramUITests-frameworks-${CONFIGURATION}-input-files.xcfilelist",
			);
			name = "[CP] Embed Pods Frameworks";
			outputFileListPaths = (
				"${PODS_ROOT}/Target Support Files/Pods-Parstagram-ParstagramUITests/Pods-Parstagram-ParstagramUITests-frameworks-${CONFIGURATION}-output-files.xcfilelist",
			);
			runOnlyForDeploymentPostprocessing = 0;
			shellPath = /bin/sh;
			shellScript = "\"${PODS_ROOT}/Target Support Files/Pods-Parstagram-ParstagramUITests/Pods-Parstagram-ParstagramUITests-frameworks.sh\"\n";
			showEnvVarsInLog = 0;
		};
		8BE114CECF56F05A04DF50E9 /* [CP] Check Pods Manifest.lock */ = {
			isa = PBXShellScriptBuildPhase;
			buildActionMask = 2147483647;
			files = (
			);
			inputFileListPaths = (
			);
			inputPaths = (
				"${PODS_PODFILE_DIR_PATH}/Podfile.lock",
				"${PODS_ROOT}/Manifest.lock",
			);
			name = "[CP] Check Pods Manifest.lock";
			outputFileListPaths = (
			);
			outputPaths = (
				"$(DERIVED_FILE_DIR)/Pods-Parstagram-checkManifestLockResult.txt",
			);
			runOnlyForDeploymentPostprocessing = 0;
			shellPath = /bin/sh;
			shellScript = "diff \"${PODS_PODFILE_DIR_PATH}/Podfile.lock\" \"${PODS_ROOT}/Manifest.lock\" > /dev/null\nif [ $? != 0 ] ; then\n    # print error to STDERR\n    echo \"error: The sandbox is not in sync with the Podfile.lock. Run 'pod install' or update your CocoaPods installation.\" >&2\n    exit 1\nfi\n# This output is used by Xcode 'outputs' to avoid re-running this script phase.\necho \"SUCCESS\" > \"${SCRIPT_OUTPUT_FILE_0}\"\n";
			showEnvVarsInLog = 0;
		};
		CE7F8F99A4D9CA390641C39D /* [CP] Embed Pods Frameworks */ = {
			isa = PBXShellScriptBuildPhase;
			buildActionMask = 2147483647;
			files = (
			);
			inputFileListPaths = (
				"${PODS_ROOT}/Target Support Files/Pods-Parstagram/Pods-Parstagram-frameworks-${CONFIGURATION}-input-files.xcfilelist",
			);
			name = "[CP] Embed Pods Frameworks";
			outputFileListPaths = (
				"${PODS_ROOT}/Target Support Files/Pods-Parstagram/Pods-Parstagram-frameworks-${CONFIGURATION}-output-files.xcfilelist",
			);
			runOnlyForDeploymentPostprocessing = 0;
			shellPath = /bin/sh;
			shellScript = "\"${PODS_ROOT}/Target Support Files/Pods-Parstagram/Pods-Parstagram-frameworks.sh\"\n";
			showEnvVarsInLog = 0;
		};
		FF9257B82298F493846FF831 /* [CP] Check Pods Manifest.lock */ = {
			isa = PBXShellScriptBuildPhase;
			buildActionMask = 2147483647;
			files = (
			);
			inputFileListPaths = (
			);
			inputPaths = (
				"${PODS_PODFILE_DIR_PATH}/Podfile.lock",
				"${PODS_ROOT}/Manifest.lock",
			);
			name = "[CP] Check Pods Manifest.lock";
			outputFileListPaths = (
			);
			outputPaths = (
				"$(DERIVED_FILE_DIR)/Pods-ParstagramTests-checkManifestLockResult.txt",
			);
			runOnlyForDeploymentPostprocessing = 0;
			shellPath = /bin/sh;
			shellScript = "diff \"${PODS_PODFILE_DIR_PATH}/Podfile.lock\" \"${PODS_ROOT}/Manifest.lock\" > /dev/null\nif [ $? != 0 ] ; then\n    # print error to STDERR\n    echo \"error: The sandbox is not in sync with the Podfile.lock. Run 'pod install' or update your CocoaPods installation.\" >&2\n    exit 1\nfi\n# This output is used by Xcode 'outputs' to avoid re-running this script phase.\necho \"SUCCESS\" > \"${SCRIPT_OUTPUT_FILE_0}\"\n";
			showEnvVarsInLog = 0;
		};
/* End PBXShellScriptBuildPhase section */

/* Begin PBXSourcesBuildPhase section */
		124DAB1325EB69470067AD91 /* Sources */ = {
			isa = PBXSourcesBuildPhase;
			buildActionMask = 2147483647;
			files = (
				121C214D25EB7400009BF600 /* LoginViewController.swift in Sources */,
				121C216225EB809B009BF600 /* CameraViewController.swift in Sources */,
				124DAB1B25EB69470067AD91 /* AppDelegate.swift in Sources */,
				121C215225EB7406009BF600 /* FeedViewController.swift in Sources */,
				124DAB1D25EB69470067AD91 /* SceneDelegate.swift in Sources */,
				121C216725EB8D4B009BF600 /* PostCell.swift in Sources */,
			);
			runOnlyForDeploymentPostprocessing = 0;
		};
		124DAB2925EB69490067AD91 /* Sources */ = {
			isa = PBXSourcesBuildPhase;
			buildActionMask = 2147483647;
			files = (
				124DAB3225EB69490067AD91 /* ParstagramTests.swift in Sources */,
			);
			runOnlyForDeploymentPostprocessing = 0;
		};
		124DAB3425EB69490067AD91 /* Sources */ = {
			isa = PBXSourcesBuildPhase;
			buildActionMask = 2147483647;
			files = (
				124DAB3D25EB69490067AD91 /* ParstagramUITests.swift in Sources */,
			);
			runOnlyForDeploymentPostprocessing = 0;
		};
/* End PBXSourcesBuildPhase section */

/* Begin PBXTargetDependency section */
		124DAB2F25EB69490067AD91 /* PBXTargetDependency */ = {
			isa = PBXTargetDependency;
			target = 124DAB1625EB69470067AD91 /* Parstagram */;
			targetProxy = 124DAB2E25EB69490067AD91 /* PBXContainerItemProxy */;
		};
		124DAB3A25EB69490067AD91 /* PBXTargetDependency */ = {
			isa = PBXTargetDependency;
			target = 124DAB1625EB69470067AD91 /* Parstagram */;
			targetProxy = 124DAB3925EB69490067AD91 /* PBXContainerItemProxy */;
		};
/* End PBXTargetDependency section */

/* Begin PBXVariantGroup section */
		124DAB2025EB69470067AD91 /* Main.storyboard */ = {
			isa = PBXVariantGroup;
			children = (
				124DAB2125EB69470067AD91 /* Base */,
			);
			name = Main.storyboard;
			sourceTree = "<group>";
		};
		124DAB2525EB69490067AD91 /* LaunchScreen.storyboard */ = {
			isa = PBXVariantGroup;
			children = (
				124DAB2625EB69490067AD91 /* Base */,
			);
			name = LaunchScreen.storyboard;
			sourceTree = "<group>";
		};
/* End PBXVariantGroup section */

/* Begin XCBuildConfiguration section */
		124DAB3F25EB69490067AD91 /* Debug */ = {
			isa = XCBuildConfiguration;
			buildSettings = {
				ALWAYS_SEARCH_USER_PATHS = NO;
				CLANG_ANALYZER_NONNULL = YES;
				CLANG_ANALYZER_NUMBER_OBJECT_CONVERSION = YES_AGGRESSIVE;
				CLANG_CXX_LANGUAGE_STANDARD = "gnu++14";
				CLANG_CXX_LIBRARY = "libc++";
				CLANG_ENABLE_MODULES = YES;
				CLANG_ENABLE_OBJC_ARC = YES;
				CLANG_ENABLE_OBJC_WEAK = YES;
				CLANG_WARN_BLOCK_CAPTURE_AUTORELEASING = YES;
				CLANG_WARN_BOOL_CONVERSION = YES;
				CLANG_WARN_COMMA = YES;
				CLANG_WARN_CONSTANT_CONVERSION = YES;
				CLANG_WARN_DEPRECATED_OBJC_IMPLEMENTATIONS = YES;
				CLANG_WARN_DIRECT_OBJC_ISA_USAGE = YES_ERROR;
				CLANG_WARN_DOCUMENTATION_COMMENTS = YES;
				CLANG_WARN_EMPTY_BODY = YES;
				CLANG_WARN_ENUM_CONVERSION = YES;
				CLANG_WARN_INFINITE_RECURSION = YES;
				CLANG_WARN_INT_CONVERSION = YES;
				CLANG_WARN_NON_LITERAL_NULL_CONVERSION = YES;
				CLANG_WARN_OBJC_IMPLICIT_RETAIN_SELF = YES;
				CLANG_WARN_OBJC_LITERAL_CONVERSION = YES;
				CLANG_WARN_OBJC_ROOT_CLASS = YES_ERROR;
				CLANG_WARN_QUOTED_INCLUDE_IN_FRAMEWORK_HEADER = YES;
				CLANG_WARN_RANGE_LOOP_ANALYSIS = YES;
				CLANG_WARN_STRICT_PROTOTYPES = YES;
				CLANG_WARN_SUSPICIOUS_MOVE = YES;
				CLANG_WARN_UNGUARDED_AVAILABILITY = YES_AGGRESSIVE;
				CLANG_WARN_UNREACHABLE_CODE = YES;
				CLANG_WARN__DUPLICATE_METHOD_MATCH = YES;
				COPY_PHASE_STRIP = NO;
				DEBUG_INFORMATION_FORMAT = dwarf;
				ENABLE_STRICT_OBJC_MSGSEND = YES;
				ENABLE_TESTABILITY = YES;
				GCC_C_LANGUAGE_STANDARD = gnu11;
				GCC_DYNAMIC_NO_PIC = NO;
				GCC_NO_COMMON_BLOCKS = YES;
				GCC_OPTIMIZATION_LEVEL = 0;
				GCC_PREPROCESSOR_DEFINITIONS = (
					"DEBUG=1",
					"$(inherited)",
				);
				GCC_WARN_64_TO_32_BIT_CONVERSION = YES;
				GCC_WARN_ABOUT_RETURN_TYPE = YES_ERROR;
				GCC_WARN_UNDECLARED_SELECTOR = YES;
				GCC_WARN_UNINITIALIZED_AUTOS = YES_AGGRESSIVE;
				GCC_WARN_UNUSED_FUNCTION = YES;
				GCC_WARN_UNUSED_VARIABLE = YES;
				IPHONEOS_DEPLOYMENT_TARGET = 14.4;
				MTL_ENABLE_DEBUG_INFO = INCLUDE_SOURCE;
				MTL_FAST_MATH = YES;
				ONLY_ACTIVE_ARCH = YES;
				SDKROOT = iphoneos;
				SWIFT_ACTIVE_COMPILATION_CONDITIONS = DEBUG;
				SWIFT_OPTIMIZATION_LEVEL = "-Onone";
			};
			name = Debug;
		};
		124DAB4025EB69490067AD91 /* Release */ = {
			isa = XCBuildConfiguration;
			buildSettings = {
				ALWAYS_SEARCH_USER_PATHS = NO;
				CLANG_ANALYZER_NONNULL = YES;
				CLANG_ANALYZER_NUMBER_OBJECT_CONVERSION = YES_AGGRESSIVE;
				CLANG_CXX_LANGUAGE_STANDARD = "gnu++14";
				CLANG_CXX_LIBRARY = "libc++";
				CLANG_ENABLE_MODULES = YES;
				CLANG_ENABLE_OBJC_ARC = YES;
				CLANG_ENABLE_OBJC_WEAK = YES;
				CLANG_WARN_BLOCK_CAPTURE_AUTORELEASING = YES;
				CLANG_WARN_BOOL_CONVERSION = YES;
				CLANG_WARN_COMMA = YES;
				CLANG_WARN_CONSTANT_CONVERSION = YES;
				CLANG_WARN_DEPRECATED_OBJC_IMPLEMENTATIONS = YES;
				CLANG_WARN_DIRECT_OBJC_ISA_USAGE = YES_ERROR;
				CLANG_WARN_DOCUMENTATION_COMMENTS = YES;
				CLANG_WARN_EMPTY_BODY = YES;
				CLANG_WARN_ENUM_CONVERSION = YES;
				CLANG_WARN_INFINITE_RECURSION = YES;
				CLANG_WARN_INT_CONVERSION = YES;
				CLANG_WARN_NON_LITERAL_NULL_CONVERSION = YES;
				CLANG_WARN_OBJC_IMPLICIT_RETAIN_SELF = YES;
				CLANG_WARN_OBJC_LITERAL_CONVERSION = YES;
				CLANG_WARN_OBJC_ROOT_CLASS = YES_ERROR;
				CLANG_WARN_QUOTED_INCLUDE_IN_FRAMEWORK_HEADER = YES;
				CLANG_WARN_RANGE_LOOP_ANALYSIS = YES;
				CLANG_WARN_STRICT_PROTOTYPES = YES;
				CLANG_WARN_SUSPICIOUS_MOVE = YES;
				CLANG_WARN_UNGUARDED_AVAILABILITY = YES_AGGRESSIVE;
				CLANG_WARN_UNREACHABLE_CODE = YES;
				CLANG_WARN__DUPLICATE_METHOD_MATCH = YES;
				COPY_PHASE_STRIP = NO;
				DEBUG_INFORMATION_FORMAT = "dwarf-with-dsym";
				ENABLE_NS_ASSERTIONS = NO;
				ENABLE_STRICT_OBJC_MSGSEND = YES;
				GCC_C_LANGUAGE_STANDARD = gnu11;
				GCC_NO_COMMON_BLOCKS = YES;
				GCC_WARN_64_TO_32_BIT_CONVERSION = YES;
				GCC_WARN_ABOUT_RETURN_TYPE = YES_ERROR;
				GCC_WARN_UNDECLARED_SELECTOR = YES;
				GCC_WARN_UNINITIALIZED_AUTOS = YES_AGGRESSIVE;
				GCC_WARN_UNUSED_FUNCTION = YES;
				GCC_WARN_UNUSED_VARIABLE = YES;
				IPHONEOS_DEPLOYMENT_TARGET = 14.4;
				MTL_ENABLE_DEBUG_INFO = NO;
				MTL_FAST_MATH = YES;
				SDKROOT = iphoneos;
				SWIFT_COMPILATION_MODE = wholemodule;
				SWIFT_OPTIMIZATION_LEVEL = "-O";
				VALIDATE_PRODUCT = YES;
			};
			name = Release;
		};
		124DAB4225EB69490067AD91 /* Debug */ = {
			isa = XCBuildConfiguration;
			baseConfigurationReference = DD6FA51AEFB819EB902D05BF /* Pods-Parstagram.debug.xcconfig */;
			buildSettings = {
				ASSETCATALOG_COMPILER_APPICON_NAME = AppIcon;
				ASSETCATALOG_COMPILER_GLOBAL_ACCENT_COLOR_NAME = AccentColor;
				CODE_SIGN_STYLE = Automatic;
				INFOPLIST_FILE = Parstagram/Info.plist;
				LD_RUNPATH_SEARCH_PATHS = (
					"$(inherited)",
					"@executable_path/Frameworks",
				);
				PRODUCT_BUNDLE_IDENTIFIER = com.chriskoehne.Parstagram;
				PRODUCT_NAME = "$(TARGET_NAME)";
				SWIFT_VERSION = 5.0;
				TARGETED_DEVICE_FAMILY = "1,2";
			};
			name = Debug;
		};
		124DAB4325EB69490067AD91 /* Release */ = {
			isa = XCBuildConfiguration;
			baseConfigurationReference = 78E8A82F89596535D0640A3E /* Pods-Parstagram.release.xcconfig */;
			buildSettings = {
				ASSETCATALOG_COMPILER_APPICON_NAME = AppIcon;
				ASSETCATALOG_COMPILER_GLOBAL_ACCENT_COLOR_NAME = AccentColor;
				CODE_SIGN_STYLE = Automatic;
				INFOPLIST_FILE = Parstagram/Info.plist;
				LD_RUNPATH_SEARCH_PATHS = (
					"$(inherited)",
					"@executable_path/Frameworks",
				);
				PRODUCT_BUNDLE_IDENTIFIER = com.chriskoehne.Parstagram;
				PRODUCT_NAME = "$(TARGET_NAME)";
				SWIFT_VERSION = 5.0;
				TARGETED_DEVICE_FAMILY = "1,2";
			};
			name = Release;
		};
		124DAB4525EB69490067AD91 /* Debug */ = {
			isa = XCBuildConfiguration;
			baseConfigurationReference = 373B525207F310E4221E442E /* Pods-ParstagramTests.debug.xcconfig */;
			buildSettings = {
				ALWAYS_EMBED_SWIFT_STANDARD_LIBRARIES = YES;
				BUNDLE_LOADER = "$(TEST_HOST)";
				CODE_SIGN_STYLE = Automatic;
				INFOPLIST_FILE = ParstagramTests/Info.plist;
				IPHONEOS_DEPLOYMENT_TARGET = 14.4;
				LD_RUNPATH_SEARCH_PATHS = (
					"$(inherited)",
					"@executable_path/Frameworks",
					"@loader_path/Frameworks",
				);
				PRODUCT_BUNDLE_IDENTIFIER = com.chriskoehne.ParstagramTests;
				PRODUCT_NAME = "$(TARGET_NAME)";
				SWIFT_VERSION = 5.0;
				TARGETED_DEVICE_FAMILY = "1,2";
				TEST_HOST = "$(BUILT_PRODUCTS_DIR)/Parstagram.app/Parstagram";
			};
			name = Debug;
		};
		124DAB4625EB69490067AD91 /* Release */ = {
			isa = XCBuildConfiguration;
			baseConfigurationReference = 7777DEA395BEF7D5E8C6EF41 /* Pods-ParstagramTests.release.xcconfig */;
			buildSettings = {
				ALWAYS_EMBED_SWIFT_STANDARD_LIBRARIES = YES;
				BUNDLE_LOADER = "$(TEST_HOST)";
				CODE_SIGN_STYLE = Automatic;
				INFOPLIST_FILE = ParstagramTests/Info.plist;
				IPHONEOS_DEPLOYMENT_TARGET = 14.4;
				LD_RUNPATH_SEARCH_PATHS = (
					"$(inherited)",
					"@executable_path/Frameworks",
					"@loader_path/Frameworks",
				);
				PRODUCT_BUNDLE_IDENTIFIER = com.chriskoehne.ParstagramTests;
				PRODUCT_NAME = "$(TARGET_NAME)";
				SWIFT_VERSION = 5.0;
				TARGETED_DEVICE_FAMILY = "1,2";
				TEST_HOST = "$(BUILT_PRODUCTS_DIR)/Parstagram.app/Parstagram";
			};
			name = Release;
		};
		124DAB4825EB69490067AD91 /* Debug */ = {
			isa = XCBuildConfiguration;
			baseConfigurationReference = 46CF2B01115547E2E95AE92E /* Pods-Parstagram-ParstagramUITests.debug.xcconfig */;
			buildSettings = {
				ALWAYS_EMBED_SWIFT_STANDARD_LIBRARIES = YES;
				CODE_SIGN_STYLE = Automatic;
				INFOPLIST_FILE = ParstagramUITests/Info.plist;
				LD_RUNPATH_SEARCH_PATHS = (
					"$(inherited)",
					"@executable_path/Frameworks",
					"@loader_path/Frameworks",
				);
				PRODUCT_BUNDLE_IDENTIFIER = com.chriskoehne.ParstagramUITests;
				PRODUCT_NAME = "$(TARGET_NAME)";
				SWIFT_VERSION = 5.0;
				TARGETED_DEVICE_FAMILY = "1,2";
				TEST_TARGET_NAME = Parstagram;
			};
			name = Debug;
		};
		124DAB4925EB69490067AD91 /* Release */ = {
			isa = XCBuildConfiguration;
			baseConfigurationReference = CC50771D4E49AAC5773E1588 /* Pods-Parstagram-ParstagramUITests.release.xcconfig */;
			buildSettings = {
				ALWAYS_EMBED_SWIFT_STANDARD_LIBRARIES = YES;
				CODE_SIGN_STYLE = Automatic;
				INFOPLIST_FILE = ParstagramUITests/Info.plist;
				LD_RUNPATH_SEARCH_PATHS = (
					"$(inherited)",
					"@executable_path/Frameworks",
					"@loader_path/Frameworks",
				);
				PRODUCT_BUNDLE_IDENTIFIER = com.chriskoehne.ParstagramUITests;
				PRODUCT_NAME = "$(TARGET_NAME)";
				SWIFT_VERSION = 5.0;
				TARGETED_DEVICE_FAMILY = "1,2";
				TEST_TARGET_NAME = Parstagram;
			};
			name = Release;
		};
/* End XCBuildConfiguration section */

/* Begin XCConfigurationList section */
		124DAB1225EB69470067AD91 /* Build configuration list for PBXProject "Parstagram" */ = {
			isa = XCConfigurationList;
			buildConfigurations = (
				124DAB3F25EB69490067AD91 /* Debug */,
				124DAB4025EB69490067AD91 /* Release */,
			);
			defaultConfigurationIsVisible = 0;
			defaultConfigurationName = Release;
		};
		124DAB4125EB69490067AD91 /* Build configuration list for PBXNativeTarget "Parstagram" */ = {
			isa = XCConfigurationList;
			buildConfigurations = (
				124DAB4225EB69490067AD91 /* Debug */,
				124DAB4325EB69490067AD91 /* Release */,
			);
			defaultConfigurationIsVisible = 0;
			defaultConfigurationName = Release;
		};
		124DAB4425EB69490067AD91 /* Build configuration list for PBXNativeTarget "ParstagramTests" */ = {
			isa = XCConfigurationList;
			buildConfigurations = (
				124DAB4525EB69490067AD91 /* Debug */,
				124DAB4625EB69490067AD91 /* Release */,
			);
			defaultConfigurationIsVisible = 0;
			defaultConfigurationName = Release;
		};
		124DAB4725EB69490067AD91 /* Build configuration list for PBXNativeTarget "ParstagramUITests" */ = {
			isa = XCConfigurationList;
			buildConfigurations = (
				124DAB4825EB69490067AD91 /* Debug */,
				124DAB4925EB69490067AD91 /* Release */,
			);
			defaultConfigurationIsVisible = 0;
			defaultConfigurationName = Release;
		};
/* End XCConfigurationList section */
	};
	rootObject = 124DAB0F25EB69470067AD91 /* Project object */;
}
